
Microsoft Visual Studio Solution File, Format Version 12.00
# Visual Studio Version 16
VisualStudioVersion = 16.0.31005.135
MinimumVisualStudioVersion = 10.0.40219.1
Project("{FAE04EC0-301F-11D3-BF4B-00C04F79EFBC}") = "AOE2DE_EcoCalculator", "AOE2DE_EcoCalculator\AOE2DE_EcoCalculator.csproj", "{2D423E08-4841-4605-B5A5-63AF2EA85217}"
EndProject
Global
	GlobalSection(SolutionConfigurationPlatforms) = preSolution
		Debug|Any CPU = Debug|Any CPU
		Release|Any CPU = Release|Any CPU
	EndGlobalSection
	GlobalSection(ProjectConfigurationPlatforms) = postSolution
		{2D423E08-4841-4605-B5A5-63AF2EA85217}.Debug|Any CPU.ActiveCfg = Debug|Any CPU
		{2D423E08-4841-4605-B5A5-63AF2EA85217}.Debug|Any CPU.Build.0 = Debug|Any CPU
		{2D423E08-4841-4605-B5A5-63AF2EA85217}.Release|Any CPU.ActiveCfg = Release|Any CPU
		{2D423E08-4841-4605-B5A5-63AF2EA85217}.Release|Any CPU.Build.0 = Release|Any CPU
	EndGlobalSection
	GlobalSection(SolutionProperties) = preSolution
		HideSolutionNode = FALSE
	EndGlobalSection
	GlobalSection(ExtensibilityGlobals) = postSolution
		SolutionGuid = {3CC1E246-4C12-4693-839B-AE8231E58FE1}
	EndGlobalSection
EndGlobal
